
Microsoft Visual Studio Solution File, Format Version 11.00
# Visual Studio 2010
Project("{FAE04EC0-301F-11D3-BF4B-00C04F79EFBC}") = "WorkBalance", "WorkBalance\WorkBalance.csproj", "{C4FE13BB-7941-47C1-91B6-AE17C52A01BF}"
EndProject
Global
	GlobalSection(SolutionConfigurationPlatforms) = preSolution
		Debug|x86 = Debug|x86
		Release|x86 = Release|x86
	EndGlobalSection
	GlobalSection(ProjectConfigurationPlatforms) = postSolution
		{C4FE13BB-7941-47C1-91B6-AE17C52A01BF}.Debug|x86.ActiveCfg = Debug|x86
		{C4FE13BB-7941-47C1-91B6-AE17C52A01BF}.Debug|x86.Build.0 = Debug|x86
		{C4FE13BB-7941-47C1-91B6-AE17C52A01BF}.Release|x86.ActiveCfg = Release|x86
		{C4FE13BB-7941-47C1-91B6-AE17C52A01BF}.Release|x86.Build.0 = Release|x86
	EndGlobalSection
	GlobalSection(SolutionProperties) = preSolution
		HideSolutionNode = FALSE
	EndGlobalSection
EndGlobal
